
Microsoft Visual Studio Solution File, Format Version 12.00
# Visual Studio Version 16
VisualStudioVersion = 16.0.30114.105
MinimumVisualStudioVersion = 10.0.40219.1
Project("{FAE04EC0-301F-11D3-BF4B-00C04F79EFBC}") = "application", "Api.Application\application.csproj", "{786628E4-504B-4C90-B4BB-BCF944D97513}"
EndProject
Project("{FAE04EC0-301F-11D3-BF4B-00C04F79EFBC}") = "Domain", "Api.Domain\Domain.csproj", "{899DCDB2-4D97-43A1-9553-DB189E39B33C}"
EndProject
Project("{FAE04EC0-301F-11D3-BF4B-00C04F79EFBC}") = "CrossCutting", "Api.CrossCutting\CrossCutting.csproj", "{5C4A55F9-F3AB-4B37-BCE0-B31D7D4784A8}"
EndProject
Project("{FAE04EC0-301F-11D3-BF4B-00C04F79EFBC}") = "Data", "Api.Data\Data.csproj", "{6D7B8B39-30E3-49A1-9F80-B9121E2C108F}"
EndProject
Project("{FAE04EC0-301F-11D3-BF4B-00C04F79EFBC}") = "Service", "Api.Service\Service.csproj", "{306F030D-DEB0-4C93-B143-5FE5228E346B}"
EndProject
Global
	GlobalSection(SolutionConfigurationPlatforms) = preSolution
		Debug|Any CPU = Debug|Any CPU
		Release|Any CPU = Release|Any CPU
	EndGlobalSection
	GlobalSection(SolutionProperties) = preSolution
		HideSolutionNode = FALSE
	EndGlobalSection
	GlobalSection(ProjectConfigurationPlatforms) = postSolution
		{786628E4-504B-4C90-B4BB-BCF944D97513}.Debug|Any CPU.ActiveCfg = Debug|Any CPU
		{786628E4-504B-4C90-B4BB-BCF944D97513}.Debug|Any CPU.Build.0 = Debug|Any CPU
		{786628E4-504B-4C90-B4BB-BCF944D97513}.Release|Any CPU.ActiveCfg = Release|Any CPU
		{786628E4-504B-4C90-B4BB-BCF944D97513}.Release|Any CPU.Build.0 = Release|Any CPU
		{899DCDB2-4D97-43A1-9553-DB189E39B33C}.Debug|Any CPU.ActiveCfg = Debug|Any CPU
		{899DCDB2-4D97-43A1-9553-DB189E39B33C}.Debug|Any CPU.Build.0 = Debug|Any CPU
		{899DCDB2-4D97-43A1-9553-DB189E39B33C}.Release|Any CPU.ActiveCfg = Release|Any CPU
		{899DCDB2-4D97-43A1-9553-DB189E39B33C}.Release|Any CPU.Build.0 = Release|Any CPU
		{5C4A55F9-F3AB-4B37-BCE0-B31D7D4784A8}.Debug|Any CPU.ActiveCfg = Debug|Any CPU
		{5C4A55F9-F3AB-4B37-BCE0-B31D7D4784A8}.Debug|Any CPU.Build.0 = Debug|Any CPU
		{5C4A55F9-F3AB-4B37-BCE0-B31D7D4784A8}.Release|Any CPU.ActiveCfg = Release|Any CPU
		{5C4A55F9-F3AB-4B37-BCE0-B31D7D4784A8}.Release|Any CPU.Build.0 = Release|Any CPU
		{6D7B8B39-30E3-49A1-9F80-B9121E2C108F}.Debug|Any CPU.ActiveCfg = Debug|Any CPU
		{6D7B8B39-30E3-49A1-9F80-B9121E2C108F}.Debug|Any CPU.Build.0 = Debug|Any CPU
		{6D7B8B39-30E3-49A1-9F80-B9121E2C108F}.Release|Any CPU.ActiveCfg = Release|Any CPU
		{6D7B8B39-30E3-49A1-9F80-B9121E2C108F}.Release|Any CPU.Build.0 = Release|Any CPU
		{306F030D-DEB0-4C93-B143-5FE5228E346B}.Debug|Any CPU.ActiveCfg = Debug|Any CPU
		{306F030D-DEB0-4C93-B143-5FE5228E346B}.Debug|Any CPU.Build.0 = Debug|Any CPU
		{306F030D-DEB0-4C93-B143-5FE5228E346B}.Release|Any CPU.ActiveCfg = Release|Any CPU
		{306F030D-DEB0-4C93-B143-5FE5228E346B}.Release|Any CPU.Build.0 = Release|Any CPU
	EndGlobalSection
EndGlobal
